// !$*UTF8*$!
{
	archiveVersion = 1;
	classes = {
	};
	objectVersion = 77;
	objects = {

/* Begin PBXBuildFile section */
		889919632DD7D5F9005FE0C3 /* FirebaseCore in Frameworks */ = {isa = PBXBuildFile; productRef = 889919622DD7D5F9005FE0C3 /* FirebaseCore */; };
		889919652DD7D608005FE0C3 /* FirebaseFirestore in Frameworks */ = {isa = PBXBuildFile; productRef = 889919642DD7D608005FE0C3 /* FirebaseFirestore */; };
		8899196D2DD7D8F2005FE0C3 /* CodeScanner in Frameworks */ = {isa = PBXBuildFile; productRef = 8899196C2DD7D8F2005FE0C3 /* CodeScanner */; };
/* End PBXBuildFile section */

/* Begin PBXContainerItemProxy section */
		8899193A2DD7CC06005FE0C3 /* PBXContainerItemProxy */ = {
			isa = PBXContainerItemProxy;
			containerPortal = 889919242DD7CC05005FE0C3 /* Project object */;
			proxyType = 1;
			remoteGlobalIDString = 8899192B2DD7CC05005FE0C3;
			remoteInfo = DonationTracker;
		};
		889919442DD7CC06005FE0C3 /* PBXContainerItemProxy */ = {
			isa = PBXContainerItemProxy;
			containerPortal = 889919242DD7CC05005FE0C3 /* Project object */;
			proxyType = 1;
			remoteGlobalIDString = 8899192B2DD7CC05005FE0C3;
			remoteInfo = DonationTracker;
		};
/* End PBXContainerItemProxy section */

/* Begin PBXFileReference section */
		8899192C2DD7CC05005FE0C3 /* DonationTracker.app */ = {isa = PBXFileReference; explicitFileType = wrapper.application; includeInIndex = 0; path = DonationTracker.app; sourceTree = BUILT_PRODUCTS_DIR; };
		889919392DD7CC06005FE0C3 /* DonationTrackerTests.xctest */ = {isa = PBXFileReference; explicitFileType = wrapper.cfbundle; includeInIndex = 0; path = DonationTrackerTests.xctest; sourceTree = BUILT_PRODUCTS_DIR; };
		889919432DD7CC06005FE0C3 /* DonationTrackerUITests.xctest */ = {isa = PBXFileReference; explicitFileType = wrapper.cfbundle; includeInIndex = 0; path = DonationTrackerUITests.xctest; sourceTree = BUILT_PRODUCTS_DIR; };
/* End PBXFileReference section */

/* Begin PBXFileSystemSynchronizedRootGroup section */
		8899192E2DD7CC05005FE0C3 /* DonationTracker */ = {
			isa = PBXFileSystemSynchronizedRootGroup;
			path = DonationTracker;
			sourceTree = "<group>";
		};
		8899193C2DD7CC06005FE0C3 /* DonationTrackerTests */ = {
			isa = PBXFileSystemSynchronizedRootGroup;
			path = DonationTrackerTests;
			sourceTree = "<group>";
		};
		889919462DD7CC06005FE0C3 /* DonationTrackerUITests */ = {
			isa = PBXFileSystemSynchronizedRootGroup;
			path = DonationTrackerUITests;
			sourceTree = "<group>";
		};
/* End PBXFileSystemSynchronizedRootGroup section */

/* Begin PBXFrameworksBuildPhase section */
		889919292DD7CC05005FE0C3 /* Frameworks */ = {
			isa = PBXFrameworksBuildPhase;
			buildActionMask = 2147483647;
			files = (
				889919632DD7D5F9005FE0C3 /* FirebaseCore in Frameworks */,
				889919652DD7D608005FE0C3 /* FirebaseFirestore in Frameworks */,
				8899196D2DD7D8F2005FE0C3 /* CodeScanner in Frameworks */,
			);
			runOnlyForDeploymentPostprocessing = 0;
		};
		889919362DD7CC06005FE0C3 /* Frameworks */ = {
			isa = PBXFrameworksBuildPhase;
			buildActionMask = 2147483647;
			files = (
			);
			runOnlyForDeploymentPostprocessing = 0;
		};
		889919402DD7CC06005FE0C3 /* Frameworks */ = {
			isa = PBXFrameworksBuildPhase;
			buildActionMask = 2147483647;
			files = (
			);
			runOnlyForDeploymentPostprocessing = 0;
		};
/* End PBXFrameworksBuildPhase section */

/* Begin PBXGroup section */
		889919232DD7CC05005FE0C3 = {
			isa = PBXGroup;
			children = (
				8899192E2DD7CC05005FE0C3 /* DonationTracker */,
				8899193C2DD7CC06005FE0C3 /* DonationTrackerTests */,
				889919462DD7CC06005FE0C3 /* DonationTrackerUITests */,
				889919612DD7D5F9005FE0C3 /* Frameworks */,
				8899192D2DD7CC05005FE0C3 /* Products */,
			);
			sourceTree = "<group>";
		};
		8899192D2DD7CC05005FE0C3 /* Products */ = {
			isa = PBXGroup;
			children = (
				8899192C2DD7CC05005FE0C3 /* DonationTracker.app */,
				889919392DD7CC06005FE0C3 /* DonationTrackerTests.xctest */,
				889919432DD7CC06005FE0C3 /* DonationTrackerUITests.xctest */,
			);
			name = Products;
			sourceTree = "<group>";
		};
		889919612DD7D5F9005FE0C3 /* Frameworks */ = {
			isa = PBXGroup;
			children = (
			);
			name = Frameworks;
			sourceTree = "<group>";
		};
/* End PBXGroup section */

/* Begin PBXNativeTarget section */
		8899192B2DD7CC05005FE0C3 /* DonationTracker */ = {
			isa = PBXNativeTarget;
			buildConfigurationList = 8899194D2DD7CC06005FE0C3 /* Build configuration list for PBXNativeTarget "DonationTracker" */;
			buildPhases = (
				889919282DD7CC05005FE0C3 /* Sources */,
				889919292DD7CC05005FE0C3 /* Frameworks */,
				8899192A2DD7CC05005FE0C3 /* Resources */,
			);
			buildRules = (
			);
			dependencies = (
			);
			fileSystemSynchronizedGroups = (
				8899192E2DD7CC05005FE0C3 /* DonationTracker */,
			);
			name = DonationTracker;
			packageProductDependencies = (
				889919622DD7D5F9005FE0C3 /* FirebaseCore */,
				889919642DD7D608005FE0C3 /* FirebaseFirestore */,
				8899196C2DD7D8F2005FE0C3 /* CodeScanner */,
			);
			productName = DonationTracker;
			productReference = 8899192C2DD7CC05005FE0C3 /* DonationTracker.app */;
			productType = "com.apple.product-type.application";
		};
		889919382DD7CC06005FE0C3 /* DonationTrackerTests */ = {
			isa = PBXNativeTarget;
			buildConfigurationList = 889919502DD7CC06005FE0C3 /* Build configuration list for PBXNativeTarget "DonationTrackerTests" */;
			buildPhases = (
				889919352DD7CC06005FE0C3 /* Sources */,
				889919362DD7CC06005FE0C3 /* Frameworks */,
				889919372DD7CC06005FE0C3 /* Resources */,
			);
			buildRules = (
			);
			dependencies = (
				8899193B2DD7CC06005FE0C3 /* PBXTargetDependency */,
			);
			fileSystemSynchronizedGroups = (
				8899193C2DD7CC06005FE0C3 /* DonationTrackerTests */,
			);
			name = DonationTrackerTests;
			packageProductDependencies = (
			);
			productName = DonationTrackerTests;
			productReference = 889919392DD7CC06005FE0C3 /* DonationTrackerTests.xctest */;
			productType = "com.apple.product-type.bundle.unit-test";
		};
		889919422DD7CC06005FE0C3 /* DonationTrackerUITests */ = {
			isa = PBXNativeTarget;
			buildConfigurationList = 889919532DD7CC06005FE0C3 /* Build configuration list for PBXNativeTarget "DonationTrackerUITests" */;
			buildPhases = (
				8899193F2DD7CC06005FE0C3 /* Sources */,
				889919402DD7CC06005FE0C3 /* Frameworks */,
				889919412DD7CC06005FE0C3 /* Resources */,
			);
			buildRules = (
			);
			dependencies = (
				889919452DD7CC06005FE0C3 /* PBXTargetDependency */,
			);
			fileSystemSynchronizedGroups = (
				889919462DD7CC06005FE0C3 /* DonationTrackerUITests */,
			);
			name = DonationTrackerUITests;
			packageProductDependencies = (
			);
			productName = DonationTrackerUITests;
			productReference = 889919432DD7CC06005FE0C3 /* DonationTrackerUITests.xctest */;
			productType = "com.apple.product-type.bundle.ui-testing";
		};
/* End PBXNativeTarget section */

/* Begin PBXProject section */
		889919242DD7CC05005FE0C3 /* Project object */ = {
			isa = PBXProject;
			attributes = {
				BuildIndependentTargetsInParallel = 1;
				LastSwiftUpdateCheck = 1630;
				LastUpgradeCheck = 1630;
				TargetAttributes = {
					8899192B2DD7CC05005FE0C3 = {
						CreatedOnToolsVersion = 16.3;
					};
					889919382DD7CC06005FE0C3 = {
						CreatedOnToolsVersion = 16.3;
						TestTargetID = 8899192B2DD7CC05005FE0C3;
					};
					889919422DD7CC06005FE0C3 = {
						CreatedOnToolsVersion = 16.3;
						TestTargetID = 8899192B2DD7CC05005FE0C3;
					};
				};
			};
			buildConfigurationList = 889919272DD7CC05005FE0C3 /* Build configuration list for PBXProject "DonationTracker" */;
			developmentRegion = en;
			hasScannedForEncodings = 0;
			knownRegions = (
				en,
				Base,
			);
			mainGroup = 889919232DD7CC05005FE0C3;
			minimizedProjectReferenceProxies = 1;
			packageReferences = (
				889919602DD7D4EC005FE0C3 /* XCRemoteSwiftPackageReference "firebase-ios-sdk" */,
				8899196B2DD7D8F2005FE0C3 /* XCRemoteSwiftPackageReference "CodeScanner" */,
			);
			preferredProjectObjectVersion = 77;
			productRefGroup = 8899192D2DD7CC05005FE0C3 /* Products */;
			projectDirPath = "";
			projectRoot = "";
			targets = (
				8899192B2DD7CC05005FE0C3 /* DonationTracker */,
				889919382DD7CC06005FE0C3 /* DonationTrackerTests */,
				889919422DD7CC06005FE0C3 /* DonationTrackerUITests */,
			);
		};
/* End PBXProject section */

/* Begin PBXResourcesBuildPhase section */
		8899192A2DD7CC05005FE0C3 /* Resources */ = {
			isa = PBXResourcesBuildPhase;
			buildActionMask = 2147483647;
			files = (
			);
			runOnlyForDeploymentPostprocessing = 0;
		};
		889919372DD7CC06005FE0C3 /* Resources */ = {
			isa = PBXResourcesBuildPhase;
			buildActionMask = 2147483647;
			files = (
			);
			runOnlyForDeploymentPostprocessing = 0;
		};
		889919412DD7CC06005FE0C3 /* Resources */ = {
			isa = PBXResourcesBuildPhase;
			buildActionMask = 2147483647;
			files = (
			);
			runOnlyForDeploymentPostprocessing = 0;
		};
/* End PBXResourcesBuildPhase section */

/* Begin PBXSourcesBuildPhase section */
		889919282DD7CC05005FE0C3 /* Sources */ = {
			isa = PBXSourcesBuildPhase;
			buildActionMask = 2147483647;
			files = (
			);
			runOnlyForDeploymentPostprocessing = 0;
		};
		889919352DD7CC06005FE0C3 /* Sources */ = {
			isa = PBXSourcesBuildPhase;
			buildActionMask = 2147483647;
			files = (
			);
			runOnlyForDeploymentPostprocessing = 0;
		};
		8899193F2DD7CC06005FE0C3 /* Sources */ = {
			isa = PBXSourcesBuildPhase;
			buildActionMask = 2147483647;
			files = (
			);
			runOnlyForDeploymentPostprocessing = 0;
		};
/* End PBXSourcesBuildPhase section */

/* Begin PBXTargetDependency section */
		8899193B2DD7CC06005FE0C3 /* PBXTargetDependency */ = {
			isa = PBXTargetDependency;
			target = 8899192B2DD7CC05005FE0C3 /* DonationTracker */;
			targetProxy = 8899193A2DD7CC06005FE0C3 /* PBXContainerItemProxy */;
		};
		889919452DD7CC06005FE0C3 /* PBXTargetDependency */ = {
			isa = PBXTargetDependency;
			target = 8899192B2DD7CC05005FE0C3 /* DonationTracker */;
			targetProxy = 889919442DD7CC06005FE0C3 /* PBXContainerItemProxy */;
		};
/* End PBXTargetDependency section */

/* Begin XCBuildConfiguration section */
		8899194B2DD7CC06005FE0C3 /* Debug */ = {
			isa = XCBuildConfiguration;
			buildSettings = {
				ALWAYS_SEARCH_USER_PATHS = NO;
				ASSETCATALOG_COMPILER_GENERATE_SWIFT_ASSET_SYMBOL_EXTENSIONS = YES;
				CLANG_ANALYZER_NONNULL = YES;
				CLANG_ANALYZER_NUMBER_OBJECT_CONVERSION = YES_AGGRESSIVE;
				CLANG_CXX_LANGUAGE_STANDARD = "gnu++20";
				CLANG_ENABLE_MODULES = YES;
				CLANG_ENABLE_OBJC_ARC = YES;
				CLANG_ENABLE_OBJC_WEAK = YES;
				CLANG_WARN_BLOCK_CAPTURE_AUTORELEASING = YES;
				CLANG_WARN_BOOL_CONVERSION = YES;
				CLANG_WARN_COMMA = YES;
				CLANG_WARN_CONSTANT_CONVERSION = YES;
				CLANG_WARN_DEPRECATED_OBJC_IMPLEMENTATIONS = YES;
				CLANG_WARN_DIRECT_OBJC_ISA_USAGE = YES_ERROR;
				CLANG_WARN_DOCUMENTATION_COMMENTS = YES;
				CLANG_WARN_EMPTY_BODY = YES;
				CLANG_WARN_ENUM_CONVERSION = YES;
				CLANG_WARN_INFINITE_RECURSION = YES;
				CLANG_WARN_INT_CONVERSION = YES;
				CLANG_WARN_NON_LITERAL_NULL_CONVERSION = YES;
				CLANG_WARN_OBJC_IMPLICIT_RETAIN_SELF = YES;
				CLANG_WARN_OBJC_LITERAL_CONVERSION = YES;
				CLANG_WARN_OBJC_ROOT_CLASS = YES_ERROR;
				CLANG_WARN_QUOTED_INCLUDE_IN_FRAMEWORK_HEADER = YES;
				CLANG_WARN_RANGE_LOOP_ANALYSIS = YES;
				CLANG_WARN_STRICT_PROTOTYPES = YES;
				CLANG_WARN_SUSPICIOUS_MOVE = YES;
				CLANG_WARN_UNGUARDED_AVAILABILITY = YES_AGGRESSIVE;
				CLANG_WARN_UNREACHABLE_CODE = YES;
				CLANG_WARN__DUPLICATE_METHOD_MATCH = YES;
				COPY_PHASE_STRIP = NO;
				DEBUG_INFORMATION_FORMAT = dwarf;
				DEVELOPMENT_TEAM = PX556BKVVC;
				ENABLE_STRICT_OBJC_MSGSEND = YES;
				ENABLE_TESTABILITY = YES;
				ENABLE_USER_SCRIPT_SANDBOXING = YES;
				GCC_C_LANGUAGE_STANDARD = gnu17;
				GCC_DYNAMIC_NO_PIC = NO;
				GCC_NO_COMMON_BLOCKS = YES;
				GCC_OPTIMIZATION_LEVEL = 0;
				GCC_PREPROCESSOR_DEFINITIONS = (
					"DEBUG=1",
					"$(inherited)",
				);
				GCC_WARN_64_TO_32_BIT_CONVERSION = YES;
				GCC_WARN_ABOUT_RETURN_TYPE = YES_ERROR;
				GCC_WARN_UNDECLARED_SELECTOR = YES;
				GCC_WARN_UNINITIALIZED_AUTOS = YES_AGGRESSIVE;
				GCC_WARN_UNUSED_FUNCTION = YES;
				GCC_WARN_UNUSED_VARIABLE = YES;
				INFOPLIST_KEY_NSCameraUsageDescription = "In order to scan item barcodes";
				IPHONEOS_DEPLOYMENT_TARGET = 18.4;
				LOCALIZATION_PREFERS_STRING_CATALOGS = YES;
				MTL_ENABLE_DEBUG_INFO = INCLUDE_SOURCE;
				MTL_FAST_MATH = YES;
				ONLY_ACTIVE_ARCH = YES;
				SDKROOT = iphoneos;
				SWIFT_ACTIVE_COMPILATION_CONDITIONS = "DEBUG $(inherited)";
				SWIFT_OPTIMIZATION_LEVEL = "-Onone";
			};
			name = Debug;
		};
		8899194C2DD7CC06005FE0C3 /* Release */ = {
			isa = XCBuildConfiguration;
			buildSettings = {
				ALWAYS_SEARCH_USER_PATHS = NO;
				ASSETCATALOG_COMPILER_GENERATE_SWIFT_ASSET_SYMBOL_EXTENSIONS = YES;
				CLANG_ANALYZER_NONNULL = YES;
				CLANG_ANALYZER_NUMBER_OBJECT_CONVERSION = YES_AGGRESSIVE;
				CLANG_CXX_LANGUAGE_STANDARD = "gnu++20";
				CLANG_ENABLE_MODULES = YES;
				CLANG_ENABLE_OBJC_ARC = YES;
				CLANG_ENABLE_OBJC_WEAK = YES;
				CLANG_WARN_BLOCK_CAPTURE_AUTORELEASING = YES;
				CLANG_WARN_BOOL_CONVERSION = YES;
				CLANG_WARN_COMMA = YES;
				CLANG_WARN_CONSTANT_CONVERSION = YES;
				CLANG_WARN_DEPRECATED_OBJC_IMPLEMENTATIONS = YES;
				CLANG_WARN_DIRECT_OBJC_ISA_USAGE = YES_ERROR;
				CLANG_WARN_DOCUMENTATION_COMMENTS = YES;
				CLANG_WARN_EMPTY_BODY = YES;
				CLANG_WARN_ENUM_CONVERSION = YES;
				CLANG_WARN_INFINITE_RECURSION = YES;
				CLANG_WARN_INT_CONVERSION = YES;
				CLANG_WARN_NON_LITERAL_NULL_CONVERSION = YES;
				CLANG_WARN_OBJC_IMPLICIT_RETAIN_SELF = YES;
				CLANG_WARN_OBJC_LITERAL_CONVERSION = YES;
				CLANG_WARN_OBJC_ROOT_CLASS = YES_ERROR;
				CLANG_WARN_QUOTED_INCLUDE_IN_FRAMEWORK_HEADER = YES;
				CLANG_WARN_RANGE_LOOP_ANALYSIS = YES;
				CLANG_WARN_STRICT_PROTOTYPES = YES;
				CLANG_WARN_SUSPICIOUS_MOVE = YES;
				CLANG_WARN_UNGUARDED_AVAILABILITY = YES_AGGRESSIVE;
				CLANG_WARN_UNREACHABLE_CODE = YES;
				CLANG_WARN__DUPLICATE_METHOD_MATCH = YES;
				COPY_PHASE_STRIP = NO;
				DEBUG_INFORMATION_FORMAT = "dwarf-with-dsym";
				DEVELOPMENT_TEAM = PX556BKVVC;
				ENABLE_NS_ASSERTIONS = NO;
				ENABLE_STRICT_OBJC_MSGSEND = YES;
				ENABLE_USER_SCRIPT_SANDBOXING = YES;
				GCC_C_LANGUAGE_STANDARD = gnu17;
				GCC_NO_COMMON_BLOCKS = YES;
				GCC_WARN_64_TO_32_BIT_CONVERSION = YES;
				GCC_WARN_ABOUT_RETURN_TYPE = YES_ERROR;
				GCC_WARN_UNDECLARED_SELECTOR = YES;
				GCC_WARN_UNINITIALIZED_AUTOS = YES_AGGRESSIVE;
				GCC_WARN_UNUSED_FUNCTION = YES;
				GCC_WARN_UNUSED_VARIABLE = YES;
				INFOPLIST_KEY_NSCameraUsageDescription = "In order to scan item barcodes";
				IPHONEOS_DEPLOYMENT_TARGET = 18.4;
				LOCALIZATION_PREFERS_STRING_CATALOGS = YES;
				MTL_ENABLE_DEBUG_INFO = NO;
				MTL_FAST_MATH = YES;
				SDKROOT = iphoneos;
				SWIFT_COMPILATION_MODE = wholemodule;
				VALIDATE_PRODUCT = YES;
			};
			name = Release;
		};
		8899194E2DD7CC06005FE0C3 /* Debug */ = {
			isa = XCBuildConfiguration;
			buildSettings = {
				ASSETCATALOG_COMPILER_APPICON_NAME = AppIcon;
				ASSETCATALOG_COMPILER_GLOBAL_ACCENT_COLOR_NAME = AccentColor;
				CODE_SIGN_STYLE = Automatic;
				CURRENT_PROJECT_VERSION = 1;
				DEVELOPMENT_TEAM = PX556BKVVC;
				ENABLE_PREVIEWS = YES;
				GENERATE_INFOPLIST_FILE = YES;
				INFOPLIST_KEY_UIApplicationSceneManifest_Generation = YES;
				INFOPLIST_KEY_UIApplicationSupportsIndirectInputEvents = YES;
				INFOPLIST_KEY_UILaunchScreen_Generation = YES;
				INFOPLIST_KEY_UISupportedInterfaceOrientations_iPad = "UIInterfaceOrientationPortrait UIInterfaceOrientationPortraitUpsideDown UIInterfaceOrientationLandscapeLeft UIInterfaceOrientationLandscapeRight";
				INFOPLIST_KEY_UISupportedInterfaceOrientations_iPhone = "UIInterfaceOrientationPortrait UIInterfaceOrientationLandscapeLeft UIInterfaceOrientationLandscapeRight";
				LD_RUNPATH_SEARCH_PATHS = (
					"$(inherited)",
					"@executable_path/Frameworks",
				);
				MARKETING_VERSION = 1.0;
				PRODUCT_BUNDLE_IDENTIFIER = com.jakewelliott.DonationTracker;
				PRODUCT_NAME = "$(TARGET_NAME)";
				SWIFT_EMIT_LOC_STRINGS = YES;
				SWIFT_VERSION = 5.0;
				TARGETED_DEVICE_FAMILY = "1,2";
			};
			name = Debug;
		};
		8899194F2DD7CC06005FE0C3 /* Release */ = {
			isa = XCBuildConfiguration;
			buildSettings = {
				ASSETCATALOG_COMPILER_APPICON_NAME = AppIcon;
				ASSETCATALOG_COMPILER_GLOBAL_ACCENT_COLOR_NAME = AccentColor;
				CODE_SIGN_STYLE = Automatic;
				CURRENT_PROJECT_VERSION = 1;
				DEVELOPMENT_TEAM = PX556BKVVC;
				ENABLE_PREVIEWS = YES;
				GENERATE_INFOPLIST_FILE = YES;
				INFOPLIST_KEY_UIApplicationSceneManifest_Generation = YES;
				INFOPLIST_KEY_UIApplicationSupportsIndirectInputEvents = YES;
				INFOPLIST_KEY_UILaunchScreen_Generation = YES;
				INFOPLIST_KEY_UISupportedInterfaceOrientations_iPad = "UIInterfaceOrientationPortrait UIInterfaceOrientationPortraitUpsideDown UIInterfaceOrientationLandscapeLeft UIInterfaceOrientationLandscapeRight";
				INFOPLIST_KEY_UISupportedInterfaceOrientations_iPhone = "UIInterfaceOrientationPortrait UIInterfaceOrientationLandscapeLeft UIInterfaceOrientationLandscapeRight";
				LD_RUNPATH_SEARCH_PATHS = (
					"$(inherited)",
					"@executable_path/Frameworks",
				);
				MARKETING_VERSION = 1.0;
				PRODUCT_BUNDLE_IDENTIFIER = com.jakewelliott.DonationTracker;
				PRODUCT_NAME = "$(TARGET_NAME)";
				SWIFT_EMIT_LOC_STRINGS = YES;
				SWIFT_VERSION = 5.0;
				TARGETED_DEVICE_FAMILY = "1,2";
			};
			name = Release;
		};
		889919512DD7CC06005FE0C3 /* Debug */ = {
			isa = XCBuildConfiguration;
			buildSettings = {
				BUNDLE_LOADER = "$(TEST_HOST)";
				CODE_SIGN_STYLE = Automatic;
				CURRENT_PROJECT_VERSION = 1;
				DEVELOPMENT_TEAM = PX556BKVVC;
				GENERATE_INFOPLIST_FILE = YES;
				IPHONEOS_DEPLOYMENT_TARGET = 18.4;
				MARKETING_VERSION = 1.0;
				PRODUCT_BUNDLE_IDENTIFIER = com.jakewelliott.DonationTrackerTests;
				PRODUCT_NAME = "$(TARGET_NAME)";
				SWIFT_EMIT_LOC_STRINGS = NO;
				SWIFT_VERSION = 5.0;
				TARGETED_DEVICE_FAMILY = "1,2";
				TEST_HOST = "$(BUILT_PRODUCTS_DIR)/DonationTracker.app/$(BUNDLE_EXECUTABLE_FOLDER_PATH)/DonationTracker";
			};
			name = Debug;
		};
		889919522DD7CC06005FE0C3 /* Release */ = {
			isa = XCBuildConfiguration;
			buildSettings = {
				BUNDLE_LOADER = "$(TEST_HOST)";
				CODE_SIGN_STYLE = Automatic;
				CURRENT_PROJECT_VERSION = 1;
				DEVELOPMENT_TEAM = PX556BKVVC;
				GENERATE_INFOPLIST_FILE = YES;
				IPHONEOS_DEPLOYMENT_TARGET = 18.4;
				MARKETING_VERSION = 1.0;
				PRODUCT_BUNDLE_IDENTIFIER = com.jakewelliott.DonationTrackerTests;
				PRODUCT_NAME = "$(TARGET_NAME)";
				SWIFT_EMIT_LOC_STRINGS = NO;
				SWIFT_VERSION = 5.0;
				TARGETED_DEVICE_FAMILY = "1,2";
				TEST_HOST = "$(BUILT_PRODUCTS_DIR)/DonationTracker.app/$(BUNDLE_EXECUTABLE_FOLDER_PATH)/DonationTracker";
			};
			name = Release;
		};
		889919542DD7CC06005FE0C3 /* Debug */ = {
			isa = XCBuildConfiguration;
			buildSettings = {
				CODE_SIGN_STYLE = Automatic;
				CURRENT_PROJECT_VERSION = 1;
				DEVELOPMENT_TEAM = PX556BKVVC;
				GENERATE_INFOPLIST_FILE = YES;
				MARKETING_VERSION = 1.0;
				PRODUCT_BUNDLE_IDENTIFIER = com.jakewelliott.DonationTrackerUITests;
				PRODUCT_NAME = "$(TARGET_NAME)";
				SWIFT_EMIT_LOC_STRINGS = NO;
				SWIFT_VERSION = 5.0;
				TARGETED_DEVICE_FAMILY = "1,2";
				TEST_TARGET_NAME = DonationTracker;
			};
			name = Debug;
		};
		889919552DD7CC06005FE0C3 /* Release */ = {
			isa = XCBuildConfiguration;
			buildSettings = {
				CODE_SIGN_STYLE = Automatic;
				CURRENT_PROJECT_VERSION = 1;
				DEVELOPMENT_TEAM = PX556BKVVC;
				GENERATE_INFOPLIST_FILE = YES;
				MARKETING_VERSION = 1.0;
				PRODUCT_BUNDLE_IDENTIFIER = com.jakewelliott.DonationTrackerUITests;
				PRODUCT_NAME = "$(TARGET_NAME)";
				SWIFT_EMIT_LOC_STRINGS = NO;
				SWIFT_VERSION = 5.0;
				TARGETED_DEVICE_FAMILY = "1,2";
				TEST_TARGET_NAME = DonationTracker;
			};
			name = Release;
		};
/* End XCBuildConfiguration section */

/* Begin XCConfigurationList section */
		889919272DD7CC05005FE0C3 /* Build configuration list for PBXProject "DonationTracker" */ = {
			isa = XCConfigurationList;
			buildConfigurations = (
				8899194B2DD7CC06005FE0C3 /* Debug */,
				8899194C2DD7CC06005FE0C3 /* Release */,
			);
			defaultConfigurationIsVisible = 0;
			defaultConfigurationName = Release;
		};
		8899194D2DD7CC06005FE0C3 /* Build configuration list for PBXNativeTarget "DonationTracker" */ = {
			isa = XCConfigurationList;
			buildConfigurations = (
				8899194E2DD7CC06005FE0C3 /* Debug */,
				8899194F2DD7CC06005FE0C3 /* Release */,
			);
			defaultConfigurationIsVisible = 0;
			defaultConfigurationName = Release;
		};
		889919502DD7CC06005FE0C3 /* Build configuration list for PBXNativeTarget "DonationTrackerTests" */ = {
			isa = XCConfigurationList;
			buildConfigurations = (
				889919512DD7CC06005FE0C3 /* Debug */,
				889919522DD7CC06005FE0C3 /* Release */,
			);
			defaultConfigurationIsVisible = 0;
			defaultConfigurationName = Release;
		};
		889919532DD7CC06005FE0C3 /* Build configuration list for PBXNativeTarget "DonationTrackerUITests" */ = {
			isa = XCConfigurationList;
			buildConfigurations = (
				889919542DD7CC06005FE0C3 /* Debug */,
				889919552DD7CC06005FE0C3 /* Release */,
			);
			defaultConfigurationIsVisible = 0;
			defaultConfigurationName = Release;
		};
/* End XCConfigurationList section */

/* Begin XCRemoteSwiftPackageReference section */
		889919602DD7D4EC005FE0C3 /* XCRemoteSwiftPackageReference "firebase-ios-sdk" */ = {
			isa = XCRemoteSwiftPackageReference;
			repositoryURL = "https://github.com/firebase/firebase-ios-sdk";
			requirement = {
				kind = upToNextMajorVersion;
				minimumVersion = 11.12.0;
			};
		};
		8899196B2DD7D8F2005FE0C3 /* XCRemoteSwiftPackageReference "CodeScanner" */ = {
			isa = XCRemoteSwiftPackageReference;
			repositoryURL = "https://github.com/twostraws/CodeScanner";
			requirement = {
				kind = upToNextMajorVersion;
				minimumVersion = 2.5.2;
			};
		};
/* End XCRemoteSwiftPackageReference section */

/* Begin XCSwiftPackageProductDependency section */
		889919622DD7D5F9005FE0C3 /* FirebaseCore */ = {
			isa = XCSwiftPackageProductDependency;
			package = 889919602DD7D4EC005FE0C3 /* XCRemoteSwiftPackageReference "firebase-ios-sdk" */;
			productName = FirebaseCore;
		};
		889919642DD7D608005FE0C3 /* FirebaseFirestore */ = {
			isa = XCSwiftPackageProductDependency;
			package = 889919602DD7D4EC005FE0C3 /* XCRemoteSwiftPackageReference "firebase-ios-sdk" */;
			productName = FirebaseFirestore;
		};
		8899196C2DD7D8F2005FE0C3 /* CodeScanner */ = {
			isa = XCSwiftPackageProductDependency;
			package = 8899196B2DD7D8F2005FE0C3 /* XCRemoteSwiftPackageReference "CodeScanner" */;
			productName = CodeScanner;
		};
/* End XCSwiftPackageProductDependency section */
	};
	rootObject = 889919242DD7CC05005FE0C3 /* Project object */;
}
